
Microsoft Visual Studio Solution File, Format Version 12.00
# Visual Studio Version 16
VisualStudioVersion = 16.0.28803.452
MinimumVisualStudioVersion = 10.0.40219.1
Project("{FAE04EC0-301F-11D3-BF4B-00C04F79EFBC}") = "HOPE_Health_Brigade", "HOPE_Health_Brigade\HOPE_Health_Brigade.csproj", "{CE860A9E-D1B7-4CED-BAA5-BA01A8D23225}"
EndProject
Global
	GlobalSection(SolutionConfigurationPlatforms) = preSolution
		Debug|Any CPU = Debug|Any CPU
		Release|Any CPU = Release|Any CPU
	EndGlobalSection
	GlobalSection(ProjectConfigurationPlatforms) = postSolution
		{CE860A9E-D1B7-4CED-BAA5-BA01A8D23225}.Debug|Any CPU.ActiveCfg = Debug|Any CPU
		{CE860A9E-D1B7-4CED-BAA5-BA01A8D23225}.Debug|Any CPU.Build.0 = Debug|Any CPU
		{CE860A9E-D1B7-4CED-BAA5-BA01A8D23225}.Release|Any CPU.ActiveCfg = Release|Any CPU
		{CE860A9E-D1B7-4CED-BAA5-BA01A8D23225}.Release|Any CPU.Build.0 = Release|Any CPU
	EndGlobalSection
	GlobalSection(SolutionProperties) = preSolution
		HideSolutionNode = FALSE
	EndGlobalSection
	GlobalSection(ExtensibilityGlobals) = postSolution
		SolutionGuid = {66CD1960-F0B1-462A-AE97-85B702A97301}
	EndGlobalSection
EndGlobal
