
Microsoft Visual Studio Solution File, Format Version 12.00
# Visual Studio Version 16
VisualStudioVersion = 16.0.28803.202
MinimumVisualStudioVersion = 10.0.40219.1
Project("{FAE04EC0-301F-11D3-BF4B-00C04F79EFBC}") = "HOPE_Web", "HOPE_Web\HOPE_Web.csproj", "{FF8DD048-3B44-47DF-8F75-355C8657277C}"
EndProject
Global
	GlobalSection(SolutionConfigurationPlatforms) = preSolution
		Debug|Any CPU = Debug|Any CPU
		Release|Any CPU = Release|Any CPU
	EndGlobalSection
	GlobalSection(ProjectConfigurationPlatforms) = postSolution
		{FF8DD048-3B44-47DF-8F75-355C8657277C}.Debug|Any CPU.ActiveCfg = Debug|Any CPU
		{FF8DD048-3B44-47DF-8F75-355C8657277C}.Debug|Any CPU.Build.0 = Debug|Any CPU
		{FF8DD048-3B44-47DF-8F75-355C8657277C}.Release|Any CPU.ActiveCfg = Release|Any CPU
		{FF8DD048-3B44-47DF-8F75-355C8657277C}.Release|Any CPU.Build.0 = Release|Any CPU
	EndGlobalSection
	GlobalSection(SolutionProperties) = preSolution
		HideSolutionNode = FALSE
	EndGlobalSection
	GlobalSection(ExtensibilityGlobals) = postSolution
		SolutionGuid = {09928E00-9E63-4300-90F5-397137082E37}
	EndGlobalSection
EndGlobal
