
Microsoft Visual Studio Solution File, Format Version 12.00
# Visual Studio Version 16
VisualStudioVersion = 16.0.28803.202
MinimumVisualStudioVersion = 10.0.40219.1
Project("{FAE04EC0-301F-11D3-BF4B-00C04F79EFBC}") = "HOPE_Health_Brigade", "HOPE_tst\HOPE_Health_Brigade.csproj", "{72833E73-6B2B-4795-A42C-858B9EB04CA1}"
EndProject
Global
	GlobalSection(SolutionConfigurationPlatforms) = preSolution
		Debug|Any CPU = Debug|Any CPU
		Release|Any CPU = Release|Any CPU
	EndGlobalSection
	GlobalSection(ProjectConfigurationPlatforms) = postSolution
		{72833E73-6B2B-4795-A42C-858B9EB04CA1}.Debug|Any CPU.ActiveCfg = Debug|Any CPU
		{72833E73-6B2B-4795-A42C-858B9EB04CA1}.Debug|Any CPU.Build.0 = Debug|Any CPU
		{72833E73-6B2B-4795-A42C-858B9EB04CA1}.Release|Any CPU.ActiveCfg = Release|Any CPU
		{72833E73-6B2B-4795-A42C-858B9EB04CA1}.Release|Any CPU.Build.0 = Release|Any CPU
	EndGlobalSection
	GlobalSection(SolutionProperties) = preSolution
		HideSolutionNode = FALSE
	EndGlobalSection
	GlobalSection(ExtensibilityGlobals) = postSolution
		SolutionGuid = {22F79D75-230B-4993-920E-4170294B5A48}
	EndGlobalSection
EndGlobal
