
Microsoft Visual Studio Solution File, Format Version 12.00
# Visual Studio Version 16
VisualStudioVersion = 16.0.28803.202
MinimumVisualStudioVersion = 10.0.40219.1
Project("{FAE04EC0-301F-11D3-BF4B-00C04F79EFBC}") = "RazorPagesMovie", "RazorPagesMovie\RazorPagesMovie.csproj", "{B116B4D8-C6C6-495E-A544-CCC1EF8C1B98}"
EndProject
Global
	GlobalSection(SolutionConfigurationPlatforms) = preSolution
		Debug|Any CPU = Debug|Any CPU
		Release|Any CPU = Release|Any CPU
	EndGlobalSection
	GlobalSection(ProjectConfigurationPlatforms) = postSolution
		{B116B4D8-C6C6-495E-A544-CCC1EF8C1B98}.Debug|Any CPU.ActiveCfg = Debug|Any CPU
		{B116B4D8-C6C6-495E-A544-CCC1EF8C1B98}.Debug|Any CPU.Build.0 = Debug|Any CPU
		{B116B4D8-C6C6-495E-A544-CCC1EF8C1B98}.Release|Any CPU.ActiveCfg = Release|Any CPU
		{B116B4D8-C6C6-495E-A544-CCC1EF8C1B98}.Release|Any CPU.Build.0 = Release|Any CPU
	EndGlobalSection
	GlobalSection(SolutionProperties) = preSolution
		HideSolutionNode = FALSE
	EndGlobalSection
	GlobalSection(ExtensibilityGlobals) = postSolution
		SolutionGuid = {D381B5B6-4860-4E6F-AF52-08B6DFCFD1AA}
	EndGlobalSection
EndGlobal
