
Microsoft Visual Studio Solution File, Format Version 12.00
# Visual Studio Version 16
VisualStudioVersion = 16.0.28803.452
MinimumVisualStudioVersion = 10.0.40219.1
Project("{9A19103F-16F7-4668-BE54-9A1E7A4F7556}") = "HOPE_Web", "HOPE_Web.csproj", "{3EB7D89E-2B74-444A-9AD0-1990C91A4891}"
EndProject
Global
	GlobalSection(SolutionConfigurationPlatforms) = preSolution
		Debug|Any CPU = Debug|Any CPU
		Release|Any CPU = Release|Any CPU
	EndGlobalSection
	GlobalSection(ProjectConfigurationPlatforms) = postSolution
		{3EB7D89E-2B74-444A-9AD0-1990C91A4891}.Debug|Any CPU.ActiveCfg = Debug|Any CPU
		{3EB7D89E-2B74-444A-9AD0-1990C91A4891}.Debug|Any CPU.Build.0 = Debug|Any CPU
		{3EB7D89E-2B74-444A-9AD0-1990C91A4891}.Release|Any CPU.ActiveCfg = Release|Any CPU
		{3EB7D89E-2B74-444A-9AD0-1990C91A4891}.Release|Any CPU.Build.0 = Release|Any CPU
	EndGlobalSection
	GlobalSection(SolutionProperties) = preSolution
		HideSolutionNode = FALSE
	EndGlobalSection
	GlobalSection(ExtensibilityGlobals) = postSolution
		SolutionGuid = {BCAEA15C-C618-49F3-AF81-47F615395425}
	EndGlobalSection
EndGlobal
